
Microsoft Visual Studio Solution File, Format Version 12.00
# Visual Studio Version 17
VisualStudioVersion = 17.10.35013.160
MinimumVisualStudioVersion = 10.0.40219.1
Project("{FAE04EC0-301F-11D3-BF4B-00C04F79EFBC}") = "SudokuBoardApi", "SudokuBoardApi.csproj", "{BCB9796B-8E2D-4662-879D-61CA66ED06CB}"
EndProject
Global
	GlobalSection(SolutionConfigurationPlatforms) = preSolution
		Debug|Any CPU = Debug|Any CPU
		Release|Any CPU = Release|Any CPU
	EndGlobalSection
	GlobalSection(ProjectConfigurationPlatforms) = postSolution
		{BCB9796B-8E2D-4662-879D-61CA66ED06CB}.Debug|Any CPU.ActiveCfg = Debug|Any CPU
		{BCB9796B-8E2D-4662-879D-61CA66ED06CB}.Debug|Any CPU.Build.0 = Debug|Any CPU
		{BCB9796B-8E2D-4662-879D-61CA66ED06CB}.Release|Any CPU.ActiveCfg = Release|Any CPU
		{BCB9796B-8E2D-4662-879D-61CA66ED06CB}.Release|Any CPU.Build.0 = Release|Any CPU
	EndGlobalSection
	GlobalSection(SolutionProperties) = preSolution
		HideSolutionNode = FALSE
	EndGlobalSection
	GlobalSection(ExtensibilityGlobals) = postSolution
		SolutionGuid = {B0EC9A1C-5E16-433C-94BD-0817A55D8007}
	EndGlobalSection
EndGlobal
